// !$*UTF8*$!
{
	archiveVersion = 1;
	classes = {
	};
	objectVersion = 56;
	objects = {

/* Begin PBXBuildFile section */
		193166CD2C42F3DE00FCE297 /* UserViewModel.swift in Sources */ = {isa = PBXBuildFile; fileRef = 193166CC2C42F3DE00FCE297 /* UserViewModel.swift */; };
		193166CF2C43D7E300FCE297 /* UserModel.swift in Sources */ = {isa = PBXBuildFile; fileRef = 193166CE2C43D7E300FCE297 /* UserModel.swift */; };
		196C48E62C3E806E00FEBFF7 /* QuestionViewModel.swift in Sources */ = {isa = PBXBuildFile; fileRef = 196C48E52C3E806E00FEBFF7 /* QuestionViewModel.swift */; };
		1986981E2C35DFAA00D94F58 /* CardGameApp.swift in Sources */ = {isa = PBXBuildFile; fileRef = 1986981D2C35DFAA00D94F58 /* CardGameApp.swift */; };
		198698222C35DFAA00D94F58 /* Item.swift in Sources */ = {isa = PBXBuildFile; fileRef = 198698212C35DFAA00D94F58 /* Item.swift */; };
		198698242C35DFAB00D94F58 /* Assets.xcassets in Resources */ = {isa = PBXBuildFile; fileRef = 198698232C35DFAB00D94F58 /* Assets.xcassets */; };
		198698272C35DFAB00D94F58 /* Preview Assets.xcassets in Resources */ = {isa = PBXBuildFile; fileRef = 198698262C35DFAB00D94F58 /* Preview Assets.xcassets */; };
		1986982E2C35DFC900D94F58 /* CardView.swift in Sources */ = {isa = PBXBuildFile; fileRef = 1986982D2C35DFC900D94F58 /* CardView.swift */; };
		198698362C36A65A00D94F58 /* QuestionModel.swift in Sources */ = {isa = PBXBuildFile; fileRef = 198698352C36A65A00D94F58 /* QuestionModel.swift */; };
		198698382C36A84300D94F58 /* QuestionData.swift in Sources */ = {isa = PBXBuildFile; fileRef = 198698372C36A84300D94F58 /* QuestionData.swift */; };
		19BAD4982C6A2454002B2D2C /* UserSheet.swift in Sources */ = {isa = PBXBuildFile; fileRef = 19BAD4972C6A2454002B2D2C /* UserSheet.swift */; };
/* End PBXBuildFile section */

/* Begin PBXFileReference section */
		193166CC2C42F3DE00FCE297 /* UserViewModel.swift */ = {isa = PBXFileReference; lastKnownFileType = sourcecode.swift; path = UserViewModel.swift; sourceTree = "<group>"; };
		193166CE2C43D7E300FCE297 /* UserModel.swift */ = {isa = PBXFileReference; lastKnownFileType = sourcecode.swift; path = UserModel.swift; sourceTree = "<group>"; };
		196C48E52C3E806E00FEBFF7 /* QuestionViewModel.swift */ = {isa = PBXFileReference; lastKnownFileType = sourcecode.swift; path = QuestionViewModel.swift; sourceTree = "<group>"; };
		1986981A2C35DFAA00D94F58 /* CardGame.app */ = {isa = PBXFileReference; explicitFileType = wrapper.application; includeInIndex = 0; path = CardGame.app; sourceTree = BUILT_PRODUCTS_DIR; };
		1986981D2C35DFAA00D94F58 /* CardGameApp.swift */ = {isa = PBXFileReference; lastKnownFileType = sourcecode.swift; path = CardGameApp.swift; sourceTree = "<group>"; };
		198698212C35DFAA00D94F58 /* Item.swift */ = {isa = PBXFileReference; lastKnownFileType = sourcecode.swift; path = Item.swift; sourceTree = "<group>"; };
		198698232C35DFAB00D94F58 /* Assets.xcassets */ = {isa = PBXFileReference; lastKnownFileType = folder.assetcatalog; path = Assets.xcassets; sourceTree = "<group>"; };
		198698262C35DFAB00D94F58 /* Preview Assets.xcassets */ = {isa = PBXFileReference; lastKnownFileType = folder.assetcatalog; path = "Preview Assets.xcassets"; sourceTree = "<group>"; };
		1986982D2C35DFC900D94F58 /* CardView.swift */ = {isa = PBXFileReference; lastKnownFileType = sourcecode.swift; path = CardView.swift; sourceTree = "<group>"; };
		198698352C36A65A00D94F58 /* QuestionModel.swift */ = {isa = PBXFileReference; lastKnownFileType = sourcecode.swift; path = QuestionModel.swift; sourceTree = "<group>"; };
		198698372C36A84300D94F58 /* QuestionData.swift */ = {isa = PBXFileReference; lastKnownFileType = sourcecode.swift; path = QuestionData.swift; sourceTree = "<group>"; };
		19BAD4972C6A2454002B2D2C /* UserSheet.swift */ = {isa = PBXFileReference; lastKnownFileType = sourcecode.swift; path = UserSheet.swift; sourceTree = "<group>"; };
/* End PBXFileReference section */

/* Begin PBXFrameworksBuildPhase section */
		198698172C35DFAA00D94F58 /* Frameworks */ = {
			isa = PBXFrameworksBuildPhase;
			buildActionMask = 2147483647;
			files = (
			);
			runOnlyForDeploymentPostprocessing = 0;
		};
/* End PBXFrameworksBuildPhase section */

/* Begin PBXGroup section */
		198698112C35DFAA00D94F58 = {
			isa = PBXGroup;
			children = (
				1986981C2C35DFAA00D94F58 /* CardGame */,
				1986981B2C35DFAA00D94F58 /* Products */,
			);
			sourceTree = "<group>";
		};
		1986981B2C35DFAA00D94F58 /* Products */ = {
			isa = PBXGroup;
			children = (
				1986981A2C35DFAA00D94F58 /* CardGame.app */,
			);
			name = Products;
			sourceTree = "<group>";
		};
		1986981C2C35DFAA00D94F58 /* CardGame */ = {
			isa = PBXGroup;
			children = (
				198698392C36AFA300D94F58 /* ViewsModel */,
				198698322C35EF1100D94F58 /* Model */,
				1986982F2C35DFF300D94F58 /* Views */,
				1986981D2C35DFAA00D94F58 /* CardGameApp.swift */,
				198698212C35DFAA00D94F58 /* Item.swift */,
				198698232C35DFAB00D94F58 /* Assets.xcassets */,
				198698252C35DFAB00D94F58 /* Preview Content */,
			);
			path = CardGame;
			sourceTree = "<group>";
		};
		198698252C35DFAB00D94F58 /* Preview Content */ = {
			isa = PBXGroup;
			children = (
				198698262C35DFAB00D94F58 /* Preview Assets.xcassets */,
			);
			path = "Preview Content";
			sourceTree = "<group>";
		};
		1986982F2C35DFF300D94F58 /* Views */ = {
			isa = PBXGroup;
			children = (
				1986982D2C35DFC900D94F58 /* CardView.swift */,
				19BAD4972C6A2454002B2D2C /* UserSheet.swift */,
			);
			path = Views;
			sourceTree = "<group>";
		};
		198698322C35EF1100D94F58 /* Model */ = {
			isa = PBXGroup;
			children = (
				198698352C36A65A00D94F58 /* QuestionModel.swift */,
				198698372C36A84300D94F58 /* QuestionData.swift */,
				193166CE2C43D7E300FCE297 /* UserModel.swift */,
			);
			path = Model;
			sourceTree = "<group>";
		};
		198698392C36AFA300D94F58 /* ViewsModel */ = {
			isa = PBXGroup;
			children = (
				196C48E52C3E806E00FEBFF7 /* QuestionViewModel.swift */,
				193166CC2C42F3DE00FCE297 /* UserViewModel.swift */,
			);
			path = ViewsModel;
			sourceTree = "<group>";
		};
/* End PBXGroup section */

/* Begin PBXNativeTarget section */
		198698192C35DFAA00D94F58 /* CardGame */ = {
			isa = PBXNativeTarget;
			buildConfigurationList = 1986982A2C35DFAB00D94F58 /* Build configuration list for PBXNativeTarget "CardGame" */;
			buildPhases = (
				198698162C35DFAA00D94F58 /* Sources */,
				198698172C35DFAA00D94F58 /* Frameworks */,
				198698182C35DFAA00D94F58 /* Resources */,
			);
			buildRules = (
			);
			dependencies = (
			);
			name = CardGame;
			productName = CardGame;
			productReference = 1986981A2C35DFAA00D94F58 /* CardGame.app */;
			productType = "com.apple.product-type.application";
		};
/* End PBXNativeTarget section */

/* Begin PBXProject section */
		198698122C35DFAA00D94F58 /* Project object */ = {
			isa = PBXProject;
			attributes = {
				BuildIndependentTargetsInParallel = 1;
				LastSwiftUpdateCheck = 1540;
				LastUpgradeCheck = 1540;
				TargetAttributes = {
					198698192C35DFAA00D94F58 = {
						CreatedOnToolsVersion = 15.4;
					};
				};
			};
			buildConfigurationList = 198698152C35DFAA00D94F58 /* Build configuration list for PBXProject "CardGame" */;
			compatibilityVersion = "Xcode 14.0";
			developmentRegion = en;
			hasScannedForEncodings = 0;
			knownRegions = (
				en,
				Base,
			);
			mainGroup = 198698112C35DFAA00D94F58;
			productRefGroup = 1986981B2C35DFAA00D94F58 /* Products */;
			projectDirPath = "";
			projectRoot = "";
			targets = (
				198698192C35DFAA00D94F58 /* CardGame */,
			);
		};
/* End PBXProject section */

/* Begin PBXResourcesBuildPhase section */
		198698182C35DFAA00D94F58 /* Resources */ = {
			isa = PBXResourcesBuildPhase;
			buildActionMask = 2147483647;
			files = (
				198698272C35DFAB00D94F58 /* Preview Assets.xcassets in Resources */,
				198698242C35DFAB00D94F58 /* Assets.xcassets in Resources */,
			);
			runOnlyForDeploymentPostprocessing = 0;
		};
/* End PBXResourcesBuildPhase section */

/* Begin PBXSourcesBuildPhase section */
		198698162C35DFAA00D94F58 /* Sources */ = {
			isa = PBXSourcesBuildPhase;
			buildActionMask = 2147483647;
			files = (
				198698222C35DFAA00D94F58 /* Item.swift in Sources */,
				1986982E2C35DFC900D94F58 /* CardView.swift in Sources */,
				193166CF2C43D7E300FCE297 /* UserModel.swift in Sources */,
				198698382C36A84300D94F58 /* QuestionData.swift in Sources */,
				1986981E2C35DFAA00D94F58 /* CardGameApp.swift in Sources */,
				196C48E62C3E806E00FEBFF7 /* QuestionViewModel.swift in Sources */,
				193166CD2C42F3DE00FCE297 /* UserViewModel.swift in Sources */,
				19BAD4982C6A2454002B2D2C /* UserSheet.swift in Sources */,
				198698362C36A65A00D94F58 /* QuestionModel.swift in Sources */,
			);
			runOnlyForDeploymentPostprocessing = 0;
		};
/* End PBXSourcesBuildPhase section */

/* Begin XCBuildConfiguration section */
		198698282C35DFAB00D94F58 /* Debug */ = {
			isa = XCBuildConfiguration;
			buildSettings = {
				ALWAYS_SEARCH_USER_PATHS = NO;
				ASSETCATALOG_COMPILER_GENERATE_SWIFT_ASSET_SYMBOL_EXTENSIONS = YES;
				CLANG_ANALYZER_NONNULL = YES;
				CLANG_ANALYZER_NUMBER_OBJECT_CONVERSION = YES_AGGRESSIVE;
				CLANG_CXX_LANGUAGE_STANDARD = "gnu++20";
				CLANG_ENABLE_MODULES = YES;
				CLANG_ENABLE_OBJC_ARC = YES;
				CLANG_ENABLE_OBJC_WEAK = YES;
				CLANG_WARN_BLOCK_CAPTURE_AUTORELEASING = YES;
				CLANG_WARN_BOOL_CONVERSION = YES;
				CLANG_WARN_COMMA = YES;
				CLANG_WARN_CONSTANT_CONVERSION = YES;
				CLANG_WARN_DEPRECATED_OBJC_IMPLEMENTATIONS = YES;
				CLANG_WARN_DIRECT_OBJC_ISA_USAGE = YES_ERROR;
				CLANG_WARN_DOCUMENTATION_COMMENTS = YES;
				CLANG_WARN_EMPTY_BODY = YES;
				CLANG_WARN_ENUM_CONVERSION = YES;
				CLANG_WARN_INFINITE_RECURSION = YES;
				CLANG_WARN_INT_CONVERSION = YES;
				CLANG_WARN_NON_LITERAL_NULL_CONVERSION = YES;
				CLANG_WARN_OBJC_IMPLICIT_RETAIN_SELF = YES;
				CLANG_WARN_OBJC_LITERAL_CONVERSION = YES;
				CLANG_WARN_OBJC_ROOT_CLASS = YES_ERROR;
				CLANG_WARN_QUOTED_INCLUDE_IN_FRAMEWORK_HEADER = YES;
				CLANG_WARN_RANGE_LOOP_ANALYSIS = YES;
				CLANG_WARN_STRICT_PROTOTYPES = YES;
				CLANG_WARN_SUSPICIOUS_MOVE = YES;
				CLANG_WARN_UNGUARDED_AVAILABILITY = YES_AGGRESSIVE;
				CLANG_WARN_UNREACHABLE_CODE = YES;
				CLANG_WARN__DUPLICATE_METHOD_MATCH = YES;
				COPY_PHASE_STRIP = NO;
				DEBUG_INFORMATION_FORMAT = dwarf;
				ENABLE_STRICT_OBJC_MSGSEND = YES;
				ENABLE_TESTABILITY = YES;
				ENABLE_USER_SCRIPT_SANDBOXING = YES;
				GCC_C_LANGUAGE_STANDARD = gnu17;
				GCC_DYNAMIC_NO_PIC = NO;
				GCC_NO_COMMON_BLOCKS = YES;
				GCC_OPTIMIZATION_LEVEL = 0;
				GCC_PREPROCESSOR_DEFINITIONS = (
					"DEBUG=1",
					"$(inherited)",
				);
				GCC_WARN_64_TO_32_BIT_CONVERSION = YES;
				GCC_WARN_ABOUT_RETURN_TYPE = YES_ERROR;
				GCC_WARN_UNDECLARED_SELECTOR = YES;
				GCC_WARN_UNINITIALIZED_AUTOS = YES_AGGRESSIVE;
				GCC_WARN_UNUSED_FUNCTION = YES;
				GCC_WARN_UNUSED_VARIABLE = YES;
				IPHONEOS_DEPLOYMENT_TARGET = 17.5;
				LOCALIZATION_PREFERS_STRING_CATALOGS = YES;
				MTL_ENABLE_DEBUG_INFO = INCLUDE_SOURCE;
				MTL_FAST_MATH = YES;
				ONLY_ACTIVE_ARCH = YES;
				SDKROOT = iphoneos;
				SWIFT_ACTIVE_COMPILATION_CONDITIONS = "DEBUG $(inherited)";
				SWIFT_OPTIMIZATION_LEVEL = "-Onone";
			};
			name = Debug;
		};
		198698292C35DFAB00D94F58 /* Release */ = {
			isa = XCBuildConfiguration;
			buildSettings = {
				ALWAYS_SEARCH_USER_PATHS = NO;
				ASSETCATALOG_COMPILER_GENERATE_SWIFT_ASSET_SYMBOL_EXTENSIONS = YES;
				CLANG_ANALYZER_NONNULL = YES;
				CLANG_ANALYZER_NUMBER_OBJECT_CONVERSION = YES_AGGRESSIVE;
				CLANG_CXX_LANGUAGE_STANDARD = "gnu++20";
				CLANG_ENABLE_MODULES = YES;
				CLANG_ENABLE_OBJC_ARC = YES;
				CLANG_ENABLE_OBJC_WEAK = YES;
				CLANG_WARN_BLOCK_CAPTURE_AUTORELEASING = YES;
				CLANG_WARN_BOOL_CONVERSION = YES;
				CLANG_WARN_COMMA = YES;
				CLANG_WARN_CONSTANT_CONVERSION = YES;
				CLANG_WARN_DEPRECATED_OBJC_IMPLEMENTATIONS = YES;
				CLANG_WARN_DIRECT_OBJC_ISA_USAGE = YES_ERROR;
				CLANG_WARN_DOCUMENTATION_COMMENTS = YES;
				CLANG_WARN_EMPTY_BODY = YES;
				CLANG_WARN_ENUM_CONVERSION = YES;
				CLANG_WARN_INFINITE_RECURSION = YES;
				CLANG_WARN_INT_CONVERSION = YES;
				CLANG_WARN_NON_LITERAL_NULL_CONVERSION = YES;
				CLANG_WARN_OBJC_IMPLICIT_RETAIN_SELF = YES;
				CLANG_WARN_OBJC_LITERAL_CONVERSION = YES;
				CLANG_WARN_OBJC_ROOT_CLASS = YES_ERROR;
				CLANG_WARN_QUOTED_INCLUDE_IN_FRAMEWORK_HEADER = YES;
				CLANG_WARN_RANGE_LOOP_ANALYSIS = YES;
				CLANG_WARN_STRICT_PROTOTYPES = YES;
				CLANG_WARN_SUSPICIOUS_MOVE = YES;
				CLANG_WARN_UNGUARDED_AVAILABILITY = YES_AGGRESSIVE;
				CLANG_WARN_UNREACHABLE_CODE = YES;
				CLANG_WARN__DUPLICATE_METHOD_MATCH = YES;
				COPY_PHASE_STRIP = NO;
				DEBUG_INFORMATION_FORMAT = "dwarf-with-dsym";
				ENABLE_NS_ASSERTIONS = NO;
				ENABLE_STRICT_OBJC_MSGSEND = YES;
				ENABLE_USER_SCRIPT_SANDBOXING = YES;
				GCC_C_LANGUAGE_STANDARD = gnu17;
				GCC_NO_COMMON_BLOCKS = YES;
				GCC_WARN_64_TO_32_BIT_CONVERSION = YES;
				GCC_WARN_ABOUT_RETURN_TYPE = YES_ERROR;
				GCC_WARN_UNDECLARED_SELECTOR = YES;
				GCC_WARN_UNINITIALIZED_AUTOS = YES_AGGRESSIVE;
				GCC_WARN_UNUSED_FUNCTION = YES;
				GCC_WARN_UNUSED_VARIABLE = YES;
				IPHONEOS_DEPLOYMENT_TARGET = 17.5;
				LOCALIZATION_PREFERS_STRING_CATALOGS = YES;
				MTL_ENABLE_DEBUG_INFO = NO;
				MTL_FAST_MATH = YES;
				SDKROOT = iphoneos;
				SWIFT_COMPILATION_MODE = wholemodule;
				VALIDATE_PRODUCT = YES;
			};
			name = Release;
		};
		1986982B2C35DFAB00D94F58 /* Debug */ = {
			isa = XCBuildConfiguration;
			buildSettings = {
				ASSETCATALOG_COMPILER_APPICON_NAME = AppIcon;
				ASSETCATALOG_COMPILER_GLOBAL_ACCENT_COLOR_NAME = AccentColor;
				CODE_SIGN_STYLE = Automatic;
				CURRENT_PROJECT_VERSION = 1;
				DEVELOPMENT_ASSET_PATHS = "\"CardGame/Preview Content\"";
				DEVELOPMENT_TEAM = M7R3MW3K7G;
				ENABLE_PREVIEWS = YES;
				GENERATE_INFOPLIST_FILE = YES;
				INFOPLIST_KEY_UIApplicationSceneManifest_Generation = YES;
				INFOPLIST_KEY_UIApplicationSupportsIndirectInputEvents = YES;
				INFOPLIST_KEY_UILaunchScreen_Generation = YES;
				INFOPLIST_KEY_UISupportedInterfaceOrientations_iPad = "UIInterfaceOrientationPortrait UIInterfaceOrientationPortraitUpsideDown UIInterfaceOrientationLandscapeLeft UIInterfaceOrientationLandscapeRight";
				INFOPLIST_KEY_UISupportedInterfaceOrientations_iPhone = "UIInterfaceOrientationPortrait UIInterfaceOrientationLandscapeLeft UIInterfaceOrientationLandscapeRight";
				LD_RUNPATH_SEARCH_PATHS = (
					"$(inherited)",
					"@executable_path/Frameworks",
				);
				MARKETING_VERSION = 1.0;
				PRODUCT_BUNDLE_IDENTIFIER = com.grzegorzmzyk.CardGame;
				PRODUCT_NAME = "$(TARGET_NAME)";
				SWIFT_EMIT_LOC_STRINGS = YES;
				SWIFT_VERSION = 5.0;
				TARGETED_DEVICE_FAMILY = "1,2";
			};
			name = Debug;
		};
		1986982C2C35DFAB00D94F58 /* Release */ = {
			isa = XCBuildConfiguration;
			buildSettings = {
				ASSETCATALOG_COMPILER_APPICON_NAME = AppIcon;
				ASSETCATALOG_COMPILER_GLOBAL_ACCENT_COLOR_NAME = AccentColor;
				CODE_SIGN_STYLE = Automatic;
				CURRENT_PROJECT_VERSION = 1;
				DEVELOPMENT_ASSET_PATHS = "\"CardGame/Preview Content\"";
				DEVELOPMENT_TEAM = M7R3MW3K7G;
				ENABLE_PREVIEWS = YES;
				GENERATE_INFOPLIST_FILE = YES;
				INFOPLIST_KEY_UIApplicationSceneManifest_Generation = YES;
				INFOPLIST_KEY_UIApplicationSupportsIndirectInputEvents = YES;
				INFOPLIST_KEY_UILaunchScreen_Generation = YES;
				INFOPLIST_KEY_UISupportedInterfaceOrientations_iPad = "UIInterfaceOrientationPortrait UIInterfaceOrientationPortraitUpsideDown UIInterfaceOrientationLandscapeLeft UIInterfaceOrientationLandscapeRight";
				INFOPLIST_KEY_UISupportedInterfaceOrientations_iPhone = "UIInterfaceOrientationPortrait UIInterfaceOrientationLandscapeLeft UIInterfaceOrientationLandscapeRight";
				LD_RUNPATH_SEARCH_PATHS = (
					"$(inherited)",
					"@executable_path/Frameworks",
				);
				MARKETING_VERSION = 1.0;
				PRODUCT_BUNDLE_IDENTIFIER = com.grzegorzmzyk.CardGame;
				PRODUCT_NAME = "$(TARGET_NAME)";
				SWIFT_EMIT_LOC_STRINGS = YES;
				SWIFT_VERSION = 5.0;
				TARGETED_DEVICE_FAMILY = "1,2";
			};
			name = Release;
		};
/* End XCBuildConfiguration section */

/* Begin XCConfigurationList section */
		198698152C35DFAA00D94F58 /* Build configuration list for PBXProject "CardGame" */ = {
			isa = XCConfigurationList;
			buildConfigurations = (
				198698282C35DFAB00D94F58 /* Debug */,
				198698292C35DFAB00D94F58 /* Release */,
			);
			defaultConfigurationIsVisible = 0;
			defaultConfigurationName = Release;
		};
		1986982A2C35DFAB00D94F58 /* Build configuration list for PBXNativeTarget "CardGame" */ = {
			isa = XCConfigurationList;
			buildConfigurations = (
				1986982B2C35DFAB00D94F58 /* Debug */,
				1986982C2C35DFAB00D94F58 /* Release */,
			);
			defaultConfigurationIsVisible = 0;
			defaultConfigurationName = Release;
		};
/* End XCConfigurationList section */
	};
	rootObject = 198698122C35DFAA00D94F58 /* Project object */;
}
